
Microsoft Visual Studio Solution File, Format Version 12.00
# Visual Studio Version 17
VisualStudioVersion = 17.7.34221.43
MinimumVisualStudioVersion = 10.0.40219.1
Project("{FAE04EC0-301F-11D3-BF4B-00C04F79EFBC}") = "AndroidApp3", "AndroidApp3\AndroidApp3.csproj", "{6BCCB0AC-9ADA-43BB-9461-95C435FDCD99}"
EndProject
Global
	GlobalSection(SolutionConfigurationPlatforms) = preSolution
		Debug|Any CPU = Debug|Any CPU
		Release|Any CPU = Release|Any CPU
	EndGlobalSection
	GlobalSection(ProjectConfigurationPlatforms) = postSolution
		{6BCCB0AC-9ADA-43BB-9461-95C435FDCD99}.Debug|Any CPU.ActiveCfg = Debug|Any CPU
		{6BCCB0AC-9ADA-43BB-9461-95C435FDCD99}.Debug|Any CPU.Build.0 = Debug|Any CPU
		{6BCCB0AC-9ADA-43BB-9461-95C435FDCD99}.Debug|Any CPU.Deploy.0 = Debug|Any CPU
		{6BCCB0AC-9ADA-43BB-9461-95C435FDCD99}.Release|Any CPU.ActiveCfg = Release|Any CPU
		{6BCCB0AC-9ADA-43BB-9461-95C435FDCD99}.Release|Any CPU.Build.0 = Release|Any CPU
		{6BCCB0AC-9ADA-43BB-9461-95C435FDCD99}.Release|Any CPU.Deploy.0 = Release|Any CPU
	EndGlobalSection
	GlobalSection(SolutionProperties) = preSolution
		HideSolutionNode = FALSE
	EndGlobalSection
	GlobalSection(ExtensibilityGlobals) = postSolution
		SolutionGuid = {D8854FED-FB32-45F1-B957-D43DE43C19C3}
	EndGlobalSection
EndGlobal
